
Microsoft Visual Studio Solution File, Format Version 12.00
# Visual Studio 15
VisualStudioVersion = 15.0.28307.1684
MinimumVisualStudioVersion = 10.0.40219.1
Project("{8BC9CEB8-8B4A-11D0-8D11-00A0C91BC942}") = "Flip", "Flip\Flip.vcxproj", "{D30601FC-C6FD-4A2B-A1A7-AC6D704E3EF2}"
EndProject
Global
	GlobalSection(SolutionConfigurationPlatforms) = preSolution
		Debug|x64 = Debug|x64
		Debug|x86 = Debug|x86
		Release|x64 = Release|x64
		Release|x86 = Release|x86
	EndGlobalSection
	GlobalSection(ProjectConfigurationPlatforms) = postSolution
		{D30601FC-C6FD-4A2B-A1A7-AC6D704E3EF2}.Debug|x64.ActiveCfg = Debug|x64
		{D30601FC-C6FD-4A2B-A1A7-AC6D704E3EF2}.Debug|x64.Build.0 = Debug|x64
		{D30601FC-C6FD-4A2B-A1A7-AC6D704E3EF2}.Debug|x86.ActiveCfg = Debug|Win32
		{D30601FC-C6FD-4A2B-A1A7-AC6D704E3EF2}.Debug|x86.Build.0 = Debug|Win32
		{D30601FC-C6FD-4A2B-A1A7-AC6D704E3EF2}.Release|x64.ActiveCfg = Release|x64
		{D30601FC-C6FD-4A2B-A1A7-AC6D704E3EF2}.Release|x64.Build.0 = Release|x64
		{D30601FC-C6FD-4A2B-A1A7-AC6D704E3EF2}.Release|x86.ActiveCfg = Release|Win32
		{D30601FC-C6FD-4A2B-A1A7-AC6D704E3EF2}.Release|x86.Build.0 = Release|Win32
	EndGlobalSection
	GlobalSection(SolutionProperties) = preSolution
		HideSolutionNode = FALSE
	EndGlobalSection
	GlobalSection(ExtensibilityGlobals) = postSolution
		SolutionGuid = {096642D2-CDF6-46E0-8FAC-EE8F1AD62CC0}
	EndGlobalSection
EndGlobal
